
Microsoft Visual Studio Solution File, Format Version 12.00
# Visual Studio Version 17
VisualStudioVersion = 17.0.32112.339
MinimumVisualStudioVersion = 10.0.40219.1
Project("{FAE04EC0-301F-11D3-BF4B-00C04F79EFBC}") = "Net6AdoNetAPIIBMMq", "Net6AdoNetAPIIBMMq\Net6AdoNetAPIIBMMq.csproj", "{B1185B0B-6372-4EC5-9EA3-A3D1BA725DA8}"
EndProject
Global
	GlobalSection(SolutionConfigurationPlatforms) = preSolution
		Debug|Any CPU = Debug|Any CPU
		Release|Any CPU = Release|Any CPU
	EndGlobalSection
	GlobalSection(ProjectConfigurationPlatforms) = postSolution
		{B1185B0B-6372-4EC5-9EA3-A3D1BA725DA8}.Debug|Any CPU.ActiveCfg = Debug|Any CPU
		{B1185B0B-6372-4EC5-9EA3-A3D1BA725DA8}.Debug|Any CPU.Build.0 = Debug|Any CPU
		{B1185B0B-6372-4EC5-9EA3-A3D1BA725DA8}.Release|Any CPU.ActiveCfg = Release|Any CPU
		{B1185B0B-6372-4EC5-9EA3-A3D1BA725DA8}.Release|Any CPU.Build.0 = Release|Any CPU
	EndGlobalSection
	GlobalSection(SolutionProperties) = preSolution
		HideSolutionNode = FALSE
	EndGlobalSection
	GlobalSection(ExtensibilityGlobals) = postSolution
		SolutionGuid = {845094E3-3E10-410E-981C-18F0F6198E90}
	EndGlobalSection
EndGlobal
